{
  "name": "frontend-app",
  "version": "1.0.0",
  "lockfileVersion": 3,
  "requires": true,
  "packages": {
    "": {
      "version": "1.0.0",
      "dependencies": {
        "axios": "0.19.0",
        "braces": "1.8.0",
        "debug": "2.2.0",
        "lodash": "4.17.15",
        "minimist": "0.0.5",
        "qs": "1.0.0",
        "semver": "7.7.4",
        "yargs-parser": "5.0.0"
      }
    },
    "node_modules/axios": {
      "version": "0.19.0",
      "integrity": "sha512-1uvKqKQta3KBxIz14F2v06AEHZ/dIoeKfbTRkK1E5oqjDnuEerLmYTgJB5AiQZHJcljpg1TuRzdjDR06qNk0DQ==",
      "deprecated": "Critical security vulnerability fixed in v0.21.1. For more information, see https://github.com/axios/axios/pull/3410",
      "dependencies": {
        "follow-redirects": "1.5.10",
        "is-buffer": "^2.0.2"
      }
    },
    "node_modules/braces": {
      "version": "1.8.0",
      "integrity": "sha512-zmetXdAbxy7iu++21YqfIvdufiV+ndJzUck78ObHHMMiM/HRNLWGiI052nUT5A623rRudpld0hfkOBiwoIiCIw==",
      "dependencies": {
        "expand-range": "^1.8.1",
        "preserve": "^0.2.0",
        "repeat-element": "^1.1.0"
      },
      "engines": {
        "node": ">=0.10.0"
      }
    },
    "node_modules/debug": {
      "version": "2.2.0",
      "integrity": "sha512-X0rGvJcskG1c3TgSCPqHJ0XJgwlcvOC7elJ5Y0hYuKBZoVqWpAMfLOeIh2UI/DCQ5ruodIjvsugZtjUYUw2pUw==",
      "dependencies": {
        "ms": "0.7.1"
      }
    },
    "node_modules/lodash": {
      "version": "4.17.15",
      "integrity": "sha512-8xOcRHvCjnocdS5cpwXQXVzmmh5e5+saE2QGoeQmbKmRS6J3VQppPOIt0MnmE+4xlZoumy0GPG0D0MVIQbNA1A=="
    },
    "node_modules/minimist": {
      "version": "0.0.5",
      "integrity": "sha512-rSJ0cdmCj3qmKdObcnMcWgPVOyaOWlazLhZAJW0s6G6lx1ZEuFkraWmEH5LTvX90btkfHPclQBjvjU7A/kYRFg=="
    },
    "node_modules/qs": {
      "version": "1.0.0",
      "integrity": "sha512-5C/V4Lf6D/i5s08CB9Wb7Nnfvx3J+eeBtyqlVVAuxAhhnSAn2Kmwaoi3niE4d/qjTVufuhSPROP1ihCFFDzwiA=="
    },
    "node_modules/semver": {
      "version": "7.7.4",
      "resolved": "https://registry.npmjs.org/semver/-/semver-7.7.4.tgz",
      "integrity": "sha512-vFKC2IEtQnVhpT78h1Yp8wzwrf8CM+MzKMHGJZfBtzhZNycRFnXsHk6E5TxIkkMsgNS7mdX3AGB7x2QM2di4lA==",
      "license": "ISC",
      "bin": {
        "semver": "bin/semver.js"
      },
      "engines": {
        "node": ">=10"
      }
    },
    "node_modules/yargs-parser": {
      "version": "5.0.0",
      "integrity": "sha512-YQY9oiTXNdi9y+RJMjqIwQklfEc4flSuVCuXZS6bRTEAY76eL3bKsZbs6KTsWxHsGXJdSgp1Jj/8AmLpGStEnQ==",
      "dependencies": {
        "camelcase": "^3.0.0"
      }
    }
  }
}
