{
  "name": "frontend-app",
  "lockfileVersion": 1,
  "requires": true,
  "dependencies": {
    "lodash": { "version": "4.17.15" },
    "minimist": { "version": "0.0.5" },
    "qs": { "version": "1.0.0" },
    "axios": { "version": "0.19.0" },
    "debug": { "version": "2.2.0" },
    "semver": { "version": "2.0.0" },
    "braces": { "version": "1.8.0" },
    "yargs-parser": { "version": "5.0.0" }
  }
}
